
Microsoft Visual Studio Solution File, Format Version 12.00
# Visual Studio Version 16
VisualStudioVersion = 16.0.31702.278
MinimumVisualStudioVersion = 10.0.40219.1
Project("{9A19103F-16F7-4668-BE54-9A1E7A4F7556}") = "Delobytes.AspNetCore.Logging", "src\Delobytes.AspNetCore.Logging.csproj", "{B4D9E052-C63C-48E5-9414-294526DB572A}"
EndProject
Global
	GlobalSection(SolutionConfigurationPlatforms) = preSolution
		Debug|Any CPU = Debug|Any CPU
		Release|Any CPU = Release|Any CPU
	EndGlobalSection
	GlobalSection(ProjectConfigurationPlatforms) = postSolution
		{B4D9E052-C63C-48E5-9414-294526DB572A}.Debug|Any CPU.ActiveCfg = Debug|Any CPU
		{B4D9E052-C63C-48E5-9414-294526DB572A}.Debug|Any CPU.Build.0 = Debug|Any CPU
		{B4D9E052-C63C-48E5-9414-294526DB572A}.Release|Any CPU.ActiveCfg = Release|Any CPU
		{B4D9E052-C63C-48E5-9414-294526DB572A}.Release|Any CPU.Build.0 = Release|Any CPU
	EndGlobalSection
	GlobalSection(SolutionProperties) = preSolution
		HideSolutionNode = FALSE
	EndGlobalSection
	GlobalSection(ExtensibilityGlobals) = postSolution
		SolutionGuid = {0DE87982-CF9D-44C7-B931-984521C8AE64}
	EndGlobalSection
EndGlobal
